
Microsoft Visual Studio Solution File, Format Version 12.00
Project("{FAE04EC0-301F-11D3-BF4B-00C04F79EFBC}") = "Hospital", "Hospital\Hospital.csproj", "{F78D4F1C-3981-43D5-99B1-C6A4DF1BCEFF}"
EndProject
Global
	GlobalSection(SolutionConfigurationPlatforms) = preSolution
		Debug|Any CPU = Debug|Any CPU
		Release|Any CPU = Release|Any CPU
	EndGlobalSection
	GlobalSection(ProjectConfigurationPlatforms) = postSolution
		{F78D4F1C-3981-43D5-99B1-C6A4DF1BCEFF}.Debug|Any CPU.ActiveCfg = Debug|Any CPU
		{F78D4F1C-3981-43D5-99B1-C6A4DF1BCEFF}.Debug|Any CPU.Build.0 = Debug|Any CPU
		{F78D4F1C-3981-43D5-99B1-C6A4DF1BCEFF}.Release|Any CPU.ActiveCfg = Release|Any CPU
		{F78D4F1C-3981-43D5-99B1-C6A4DF1BCEFF}.Release|Any CPU.Build.0 = Release|Any CPU
	EndGlobalSection
EndGlobal
